
Microsoft Visual Studio Solution File, Format Version 12.00
# Visual Studio Version 17
VisualStudioVersion = 17.6.33815.320
MinimumVisualStudioVersion = 10.0.40219.1
Project("{FAE04EC0-301F-11D3-BF4B-00C04F79EFBC}") = "Assignment-8", "Assignment-8\Assignment-8.csproj", "{89F7F272-52AC-493A-822B-117ACF13B028}"
EndProject
Global
	GlobalSection(SolutionConfigurationPlatforms) = preSolution
		Debug|Any CPU = Debug|Any CPU
		Release|Any CPU = Release|Any CPU
	EndGlobalSection
	GlobalSection(ProjectConfigurationPlatforms) = postSolution
		{89F7F272-52AC-493A-822B-117ACF13B028}.Debug|Any CPU.ActiveCfg = Debug|Any CPU
		{89F7F272-52AC-493A-822B-117ACF13B028}.Debug|Any CPU.Build.0 = Debug|Any CPU
		{89F7F272-52AC-493A-822B-117ACF13B028}.Release|Any CPU.ActiveCfg = Release|Any CPU
		{89F7F272-52AC-493A-822B-117ACF13B028}.Release|Any CPU.Build.0 = Release|Any CPU
	EndGlobalSection
	GlobalSection(SolutionProperties) = preSolution
		HideSolutionNode = FALSE
	EndGlobalSection
	GlobalSection(ExtensibilityGlobals) = postSolution
		SolutionGuid = {792919E9-F2EC-4487-96D7-D00B8FAC73A6}
	EndGlobalSection
EndGlobal
